<?xml version="1.0" encoding="utf-8"?>
<Project ToolsVersion="4.0" xmlns="http://schemas.microsoft.com/developer/msbuild/2003">
  <ItemGroup>
    <Filter Include="Source Files">
      <UniqueIdentifier>{4FC737F1-C7A5-4376-A066-2A32D752A2FF}</UniqueIdentifier>
      <Extensions>cpp;c;cc;cxx;def;odl;idl;hpj;bat;asm;asmx</Extensions>
    </Filter>
    <Filter Include="Header Files">
      <UniqueIdentifier>{93995380-89BD-4b04-88EB-625FBE52EBFB}</UniqueIdentifier>
      <Extensions>h;hh;hpp;hxx;hm;inl;inc;xsd</Extensions>
    </Filter>
    <Filter Include="Resource Files">
      <UniqueIdentifier>{67DA6AB6-F800-4c08-8B7A-83BB121AAD01}</UniqueIdentifier>
      <Extensions>rc;ico;cur;bmp;dlg;rc2;rct;bin;rgs;gif;jpg;jpeg;jpe;resx;tiff;tif;png;wav;mfcribbon-ms</Extensions>
    </Filter>
    <Filter Include="Header Files\Loggers">
      <UniqueIdentifier>{0815a2e2-5ba6-4ef1-8421-3cc04f6c4091}</UniqueIdentifier>
    </Filter>
    <Filter Include="Header Files\Databases">
      <UniqueIdentifier>{b027350d-84dc-42a9-b21c-875068c6adc3}</UniqueIdentifier>
    </Filter>
    <Filter Include="Header Files\Common">
      <UniqueIdentifier>{a3c54078-0764-4e0e-8e7f-50462a5223a8}</UniqueIdentifier>
    </Filter>
    <Filter Include="Header Files\CommandSystem">
      <UniqueIdentifier>{7b83231a-a27c-43a5-aa04-18246e225e92}</UniqueIdentifier>
    </Filter>
    <Filter Include="Header Files\CommandSystem\Commands">
      <UniqueIdentifier>{59a1671f-3b22-4ec7-8eb7-c62c5e2c28c6}</UniqueIdentifier>
    </Filter>
  </ItemGroup>
  <ItemGroup>
    <Text Include="ReadMe.txt" />
  </ItemGroup>
  <ItemGroup>
    <ClInclude Include="stdafx.h">
      <Filter>Header Files</Filter>
    </ClInclude>
    <ClInclude Include="targetver.h">
      <Filter>Header Files</Filter>
    </ClInclude>
    <ClInclude Include="GeekDb.h">
      <Filter>Header Files</Filter>
    </ClInclude>
    <ClInclude Include="GeekDefs.h">
      <Filter>Header Files</Filter>
    </ClInclude>
    <ClInclude Include="GeekErrorCode.h">
      <Filter>Header Files</Filter>
    </ClInclude>
    <ClInclude Include="GeekDbManager.h">
      <Filter>Header Files</Filter>
    </ClInclude>
    <ClInclude Include="GeekDbStorage.h">
      <Filter>Header Files</Filter>
    </ClInclude>
    <ClInclude Include="ILogger.h">
      <Filter>Header Files</Filter>
    </ClInclude>
    <ClInclude Include="GeekSequenceDb.h">
      <Filter>Header Files\Databases</Filter>
    </ClInclude>
    <ClInclude Include="GeekMapDb.h">
      <Filter>Header Files\Databases</Filter>
    </ClInclude>
    <ClInclude Include="GeekUtils.h">
      <Filter>Header Files\Common</Filter>
    </ClInclude>
    <ClInclude Include="Observer.h">
      <Filter>Header Files\Common</Filter>
    </ClInclude>
    <ClInclude Include="FileLogger.h">
      <Filter>Header Files\Loggers</Filter>
    </ClInclude>
    <ClInclude Include="CommandSystem.h">
      <Filter>Header Files\CommandSystem</Filter>
    </ClInclude>
    <ClInclude Include="Commands.h">
      <Filter>Header Files\CommandSystem\Commands</Filter>
    </ClInclude>
    <ClInclude Include="IGeekDbCommand.h">
      <Filter>Header Files\CommandSystem</Filter>
    </ClInclude>
    <ClInclude Include="ICommand.h">
      <Filter>Header Files\CommandSystem</Filter>
    </ClInclude>
    <ClInclude Include="CreateDatabaseCommand.h">
      <Filter>Header Files\CommandSystem\Commands</Filter>
    </ClInclude>
    <ClInclude Include="DeleteDatabaseCommand.h">
      <Filter>Header Files\CommandSystem\Commands</Filter>
    </ClInclude>
    <ClInclude Include="DumpDatabaseCommand.h">
      <Filter>Header Files\CommandSystem\Commands</Filter>
    </ClInclude>
    <ClInclude Include="LoadDatabaseCommand.h">
      <Filter>Header Files\CommandSystem\Commands</Filter>
    </ClInclude>
    <ClInclude Include="ListDatabaseCommand.h">
      <Filter>Header Files\CommandSystem\Commands</Filter>
    </ClInclude>
    <ClInclude Include="CreateDataCommand.h">
      <Filter>Header Files\CommandSystem\Commands</Filter>
    </ClInclude>
    <ClInclude Include="DeleteDataCommand.h">
      <Filter>Header Files\CommandSystem\Commands</Filter>
    </ClInclude>
    <ClInclude Include="ModifyDataCommand.h">
      <Filter>Header Files\CommandSystem\Commands</Filter>
    </ClInclude>
    <ClInclude Include="QueryDataCommand.h">
      <Filter>Header Files\CommandSystem\Commands</Filter>
    </ClInclude>
  </ItemGroup>
  <ItemGroup>
    <ClCompile Include="stdafx.cpp">
      <Filter>Source Files</Filter>
    </ClCompile>
    <ClCompile Include="Program.cpp">
      <Filter>Source Files</Filter>
    </ClCompile>
    <ClCompile Include="GeekDbManager.cpp">
      <Filter>Source Files</Filter>
    </ClCompile>
    <ClCompile Include="GeekSequenceDb.cpp">
      <Filter>Source Files</Filter>
    </ClCompile>
    <ClCompile Include="GeekDbStorage.cpp">
      <Filter>Source Files</Filter>
    </ClCompile>
    <ClCompile Include="GeekMapDb.cpp">
      <Filter>Source Files</Filter>
    </ClCompile>
    <ClCompile Include="FileLogger.cpp">
      <Filter>Source Files</Filter>
    </ClCompile>
    <ClCompile Include="CommandSystem.cpp">
      <Filter>Source Files</Filter>
    </ClCompile>
  </ItemGroup>
</Project>